
Microsoft Visual Studio Solution File, Format Version 12.00
# Visual Studio Version 17
VisualStudioVersion = 17.4.33213.308
MinimumVisualStudioVersion = 10.0.40219.1
Project("{9A19103F-16F7-4668-BE54-9A1E7A4F7556}") = "ValidatorSam", "ValidatorSam\ValidatorSam.csproj", "{585B8BF7-8E9E-40B6-BA2B-68AEB3B5339A}"
	ProjectSection(ProjectDependencies) = postProject
		{3880C593-3712-4AB0-B9AF-05007352756E} = {3880C593-3712-4AB0-B9AF-05007352756E}
	EndProjectSection
EndProject
Project("{9A19103F-16F7-4668-BE54-9A1E7A4F7556}") = "SampleWpf", "SampleWpf\SampleWpf.csproj", "{9E66ABA8-5666-4561-B7E0-9D85D59C0772}"
EndProject
Project("{9A19103F-16F7-4668-BE54-9A1E7A4F7556}") = "ValidatorSam.Fody", "ValidatorSam.Fody\ValidatorSam.Fody.csproj", "{3880C593-3712-4AB0-B9AF-05007352756E}"
EndProject
Global
	GlobalSection(SolutionConfigurationPlatforms) = preSolution
		Debug|Any CPU = Debug|Any CPU
		Release|Any CPU = Release|Any CPU
	EndGlobalSection
	GlobalSection(ProjectConfigurationPlatforms) = postSolution
		{585B8BF7-8E9E-40B6-BA2B-68AEB3B5339A}.Debug|Any CPU.ActiveCfg = Debug|Any CPU
		{585B8BF7-8E9E-40B6-BA2B-68AEB3B5339A}.Debug|Any CPU.Build.0 = Debug|Any CPU
		{585B8BF7-8E9E-40B6-BA2B-68AEB3B5339A}.Release|Any CPU.ActiveCfg = Release|Any CPU
		{585B8BF7-8E9E-40B6-BA2B-68AEB3B5339A}.Release|Any CPU.Build.0 = Release|Any CPU
		{9E66ABA8-5666-4561-B7E0-9D85D59C0772}.Debug|Any CPU.ActiveCfg = Debug|Any CPU
		{9E66ABA8-5666-4561-B7E0-9D85D59C0772}.Debug|Any CPU.Build.0 = Debug|Any CPU
		{9E66ABA8-5666-4561-B7E0-9D85D59C0772}.Release|Any CPU.ActiveCfg = Release|Any CPU
		{9E66ABA8-5666-4561-B7E0-9D85D59C0772}.Release|Any CPU.Build.0 = Release|Any CPU
		{3880C593-3712-4AB0-B9AF-05007352756E}.Debug|Any CPU.ActiveCfg = Debug|Any CPU
		{3880C593-3712-4AB0-B9AF-05007352756E}.Debug|Any CPU.Build.0 = Debug|Any CPU
		{3880C593-3712-4AB0-B9AF-05007352756E}.Release|Any CPU.ActiveCfg = Release|Any CPU
		{3880C593-3712-4AB0-B9AF-05007352756E}.Release|Any CPU.Build.0 = Release|Any CPU
	EndGlobalSection
	GlobalSection(SolutionProperties) = preSolution
		HideSolutionNode = FALSE
	EndGlobalSection
	GlobalSection(ExtensibilityGlobals) = postSolution
		SolutionGuid = {2B3E0474-48CC-4B1A-86FF-81154C354E87}
	EndGlobalSection
EndGlobal
