
Microsoft Visual Studio Solution File, Format Version 12.00
# Visual Studio Version 17
VisualStudioVersion = 17.4.33213.308
MinimumVisualStudioVersion = 10.0.40219.1
Project("{9A19103F-16F7-4668-BE54-9A1E7A4F7556}") = "ValidatorSam", "ValidatorSam\ValidatorSam.csproj", "{585B8BF7-8E9E-40B6-BA2B-68AEB3B5339A}"
	ProjectSection(ProjectDependencies) = postProject
		{3880C593-3712-4AB0-B9AF-05007352756E} = {3880C593-3712-4AB0-B9AF-05007352756E}
	EndProjectSection
EndProject
Project("{9A19103F-16F7-4668-BE54-9A1E7A4F7556}") = "SampleWpf", "SampleWpf\SampleWpf.csproj", "{9E66ABA8-5666-4561-B7E0-9D85D59C0772}"
EndProject
Project("{9A19103F-16F7-4668-BE54-9A1E7A4F7556}") = "ValidatorSam.Fody", "ValidatorSam.Fody\ValidatorSam.Fody.csproj", "{3880C593-3712-4AB0-B9AF-05007352756E}"
EndProject
Project("{FAE04EC0-301F-11D3-BF4B-00C04F79EFBC}") = "SampleMaui", "SampleMaui\SampleMaui.csproj", "{B7468750-BDF8-41C6-8CC9-F4B5DD1FAC24}"
EndProject
Project("{FAE04EC0-301F-11D3-BF4B-00C04F79EFBC}") = "ValidatorTests", "ValidatorTests\ValidatorTests.csproj", "{46CAA17B-C3F3-40FF-8FA5-8038ACA2C30B}"
EndProject
Project("{2150E333-8FDC-42A3-9474-1A3956D46DE8}") = "Lib", "Lib", "{48A5F007-CD6C-4971-B6D7-08AD1801263B}"
EndProject
Project("{FAE04EC0-301F-11D3-BF4B-00C04F79EFBC}") = "ValidatorTestNuget", "ValidatorTestNuget\ValidatorTestNuget.csproj", "{97307798-6FC2-4E6B-A7C7-23F3FBE5C61B}"
EndProject
Global
	GlobalSection(SolutionConfigurationPlatforms) = preSolution
		Debug|Any CPU = Debug|Any CPU
		Release|Any CPU = Release|Any CPU
	EndGlobalSection
	GlobalSection(ProjectConfigurationPlatforms) = postSolution
		{585B8BF7-8E9E-40B6-BA2B-68AEB3B5339A}.Debug|Any CPU.ActiveCfg = Debug|Any CPU
		{585B8BF7-8E9E-40B6-BA2B-68AEB3B5339A}.Debug|Any CPU.Build.0 = Debug|Any CPU
		{585B8BF7-8E9E-40B6-BA2B-68AEB3B5339A}.Release|Any CPU.ActiveCfg = Release|Any CPU
		{585B8BF7-8E9E-40B6-BA2B-68AEB3B5339A}.Release|Any CPU.Build.0 = Release|Any CPU
		{9E66ABA8-5666-4561-B7E0-9D85D59C0772}.Debug|Any CPU.ActiveCfg = Debug|Any CPU
		{9E66ABA8-5666-4561-B7E0-9D85D59C0772}.Debug|Any CPU.Build.0 = Debug|Any CPU
		{9E66ABA8-5666-4561-B7E0-9D85D59C0772}.Release|Any CPU.ActiveCfg = Release|Any CPU
		{9E66ABA8-5666-4561-B7E0-9D85D59C0772}.Release|Any CPU.Build.0 = Release|Any CPU
		{3880C593-3712-4AB0-B9AF-05007352756E}.Debug|Any CPU.ActiveCfg = Debug|Any CPU
		{3880C593-3712-4AB0-B9AF-05007352756E}.Debug|Any CPU.Build.0 = Debug|Any CPU
		{3880C593-3712-4AB0-B9AF-05007352756E}.Release|Any CPU.ActiveCfg = Release|Any CPU
		{3880C593-3712-4AB0-B9AF-05007352756E}.Release|Any CPU.Build.0 = Release|Any CPU
		{B7468750-BDF8-41C6-8CC9-F4B5DD1FAC24}.Debug|Any CPU.ActiveCfg = Debug|Any CPU
		{B7468750-BDF8-41C6-8CC9-F4B5DD1FAC24}.Debug|Any CPU.Build.0 = Debug|Any CPU
		{B7468750-BDF8-41C6-8CC9-F4B5DD1FAC24}.Debug|Any CPU.Deploy.0 = Debug|Any CPU
		{B7468750-BDF8-41C6-8CC9-F4B5DD1FAC24}.Release|Any CPU.ActiveCfg = Release|Any CPU
		{B7468750-BDF8-41C6-8CC9-F4B5DD1FAC24}.Release|Any CPU.Build.0 = Release|Any CPU
		{B7468750-BDF8-41C6-8CC9-F4B5DD1FAC24}.Release|Any CPU.Deploy.0 = Release|Any CPU
		{46CAA17B-C3F3-40FF-8FA5-8038ACA2C30B}.Debug|Any CPU.ActiveCfg = Debug|Any CPU
		{46CAA17B-C3F3-40FF-8FA5-8038ACA2C30B}.Debug|Any CPU.Build.0 = Debug|Any CPU
		{46CAA17B-C3F3-40FF-8FA5-8038ACA2C30B}.Release|Any CPU.ActiveCfg = Release|Any CPU
		{46CAA17B-C3F3-40FF-8FA5-8038ACA2C30B}.Release|Any CPU.Build.0 = Release|Any CPU
		{97307798-6FC2-4E6B-A7C7-23F3FBE5C61B}.Debug|Any CPU.ActiveCfg = Debug|Any CPU
		{97307798-6FC2-4E6B-A7C7-23F3FBE5C61B}.Debug|Any CPU.Build.0 = Debug|Any CPU
		{97307798-6FC2-4E6B-A7C7-23F3FBE5C61B}.Release|Any CPU.ActiveCfg = Release|Any CPU
		{97307798-6FC2-4E6B-A7C7-23F3FBE5C61B}.Release|Any CPU.Build.0 = Release|Any CPU
	EndGlobalSection
	GlobalSection(SolutionProperties) = preSolution
		HideSolutionNode = FALSE
	EndGlobalSection
	GlobalSection(NestedProjects) = preSolution
		{585B8BF7-8E9E-40B6-BA2B-68AEB3B5339A} = {48A5F007-CD6C-4971-B6D7-08AD1801263B}
		{3880C593-3712-4AB0-B9AF-05007352756E} = {48A5F007-CD6C-4971-B6D7-08AD1801263B}
	EndGlobalSection
	GlobalSection(ExtensibilityGlobals) = postSolution
		SolutionGuid = {2B3E0474-48CC-4B1A-86FF-81154C354E87}
	EndGlobalSection
EndGlobal
